# This file is automatically @generated by Poetry 1.8.2 and should not be changed by hand.

[[package]]
name = "coloredlogs"
version = "15.0.1"
description = "Colored terminal output for Python's logging module"
optional = false
python-versions = ">=2.7, !=3.0.*, !=3.1.*, !=3.2.*, !=3.3.*, !=3.4.*"
files = [
    {file = "coloredlogs-15.0.1-py2.py3-none-any.whl", hash = "sha256:612ee75c546f53e92e70049c9dbfcc18c935a2b9a53b66085ce9ef6a6e5c0934"},
    {file = "coloredlogs-15.0.1.tar.gz", hash = "sha256:7c991aa71a4577af2f82600d8f8f3a89f936baeaf9b50a9c197da014e5bf16b0"},
]

[package.dependencies]
humanfriendly = ">=9.1"

[package.extras]
cron = ["capturer (>=2.4)"]

[[package]]
name = "flatbuffers"
version = "24.3.7"
description = "The FlatBuffers serialization format for Python"
optional = false
python-versions = "*"
files = [
    {file = "flatbuffers-24.3.7-py2.py3-none-any.whl", hash = "sha256:80c4f5dcad0ee76b7e349671a0d657f2fbba927a0244f88dd3f5ed6a3694e1fc"},
    {file = "flatbuffers-24.3.7.tar.gz", hash = "sha256:0895c22b9a6019ff2f4de2e5e2f7cd15914043e6e7033a94c0c6369422690f22"},
]

[[package]]
name = "humanfriendly"
version = "10.0"
description = "Human friendly output for text interfaces using Python"
optional = false
python-versions = ">=2.7, !=3.0.*, !=3.1.*, !=3.2.*, !=3.3.*, !=3.4.*"
files = [
    {file = "humanfriendly-10.0-py2.py3-none-any.whl", hash = "sha256:1697e1a8a8f550fd43c2865cd84542fc175a61dcb779b6fee18cf6b6ccba1477"},
    {file = "humanfriendly-10.0.tar.gz", hash = "sha256:6b0b831ce8f15f7300721aa49829fc4e83921a9a301cc7f606be6686a2288ddc"},
]

[package.dependencies]
pyreadline3 = {version = "*", markers = "sys_platform == \"win32\" and python_version >= \"3.8\""}

[[package]]
name = "llvmlite"
version = "0.42.0"
description = "lightweight wrapper around basic LLVM functionality"
optional = false
python-versions = ">=3.9"
files = [
    {file = "llvmlite-0.42.0-cp310-cp310-macosx_10_9_x86_64.whl", hash = "sha256:3366938e1bf63d26c34fbfb4c8e8d2ded57d11e0567d5bb243d89aab1eb56098"},
    {file = "llvmlite-0.42.0-cp310-cp310-macosx_11_0_arm64.whl", hash = "sha256:c35da49666a21185d21b551fc3caf46a935d54d66969d32d72af109b5e7d2b6f"},
    {file = "llvmlite-0.42.0-cp310-cp310-manylinux_2_17_aarch64.manylinux2014_aarch64.whl", hash = "sha256:70f44ccc3c6220bd23e0ba698a63ec2a7d3205da0d848804807f37fc243e3f77"},
    {file = "llvmlite-0.42.0-cp310-cp310-manylinux_2_17_x86_64.manylinux2014_x86_64.whl", hash = "sha256:763f8d8717a9073b9e0246998de89929071d15b47f254c10eef2310b9aac033d"},
    {file = "llvmlite-0.42.0-cp310-cp310-win_amd64.whl", hash = "sha256:8d90edf400b4ceb3a0e776b6c6e4656d05c7187c439587e06f86afceb66d2be5"},
    {file = "llvmlite-0.42.0-cp311-cp311-macosx_10_9_x86_64.whl", hash = "sha256:ae511caed28beaf1252dbaf5f40e663f533b79ceb408c874c01754cafabb9cbf"},
    {file = "llvmlite-0.42.0-cp311-cp311-macosx_11_0_arm64.whl", hash = "sha256:81e674c2fe85576e6c4474e8c7e7aba7901ac0196e864fe7985492b737dbab65"},
    {file = "llvmlite-0.42.0-cp311-cp311-manylinux_2_17_aarch64.manylinux2014_aarch64.whl", hash = "sha256:bb3975787f13eb97629052edb5017f6c170eebc1c14a0433e8089e5db43bcce6"},
    {file = "llvmlite-0.42.0-cp311-cp311-manylinux_2_17_x86_64.manylinux2014_x86_64.whl", hash = "sha256:c5bece0cdf77f22379f19b1959ccd7aee518afa4afbd3656c6365865f84903f9"},
    {file = "llvmlite-0.42.0-cp311-cp311-win_amd64.whl", hash = "sha256:7e0c4c11c8c2aa9b0701f91b799cb9134a6a6de51444eff5a9087fc7c1384275"},
    {file = "llvmlite-0.42.0-cp312-cp312-macosx_10_9_x86_64.whl", hash = "sha256:08fa9ab02b0d0179c688a4216b8939138266519aaa0aa94f1195a8542faedb56"},
    {file = "llvmlite-0.42.0-cp312-cp312-macosx_11_0_arm64.whl", hash = "sha256:b2fce7d355068494d1e42202c7aff25d50c462584233013eb4470c33b995e3ee"},
    {file = "llvmlite-0.42.0-cp312-cp312-manylinux_2_17_aarch64.manylinux2014_aarch64.whl", hash = "sha256:ebe66a86dc44634b59a3bc860c7b20d26d9aaffcd30364ebe8ba79161a9121f4"},
    {file = "llvmlite-0.42.0-cp312-cp312-manylinux_2_17_x86_64.manylinux2014_x86_64.whl", hash = "sha256:d47494552559e00d81bfb836cf1c4d5a5062e54102cc5767d5aa1e77ccd2505c"},
    {file = "llvmlite-0.42.0-cp312-cp312-win_amd64.whl", hash = "sha256:05cb7e9b6ce69165ce4d1b994fbdedca0c62492e537b0cc86141b6e2c78d5888"},
    {file = "llvmlite-0.42.0-cp39-cp39-macosx_10_9_x86_64.whl", hash = "sha256:bdd3888544538a94d7ec99e7c62a0cdd8833609c85f0c23fcb6c5c591aec60ad"},
    {file = "llvmlite-0.42.0-cp39-cp39-macosx_11_0_arm64.whl", hash = "sha256:d0936c2067a67fb8816c908d5457d63eba3e2b17e515c5fe00e5ee2bace06040"},
    {file = "llvmlite-0.42.0-cp39-cp39-manylinux_2_17_aarch64.manylinux2014_aarch64.whl", hash = "sha256:a78ab89f1924fc11482209f6799a7a3fc74ddc80425a7a3e0e8174af0e9e2301"},
    {file = "llvmlite-0.42.0-cp39-cp39-manylinux_2_17_x86_64.manylinux2014_x86_64.whl", hash = "sha256:d7599b65c7af7abbc978dbf345712c60fd596aa5670496561cc10e8a71cebfb2"},
    {file = "llvmlite-0.42.0-cp39-cp39-win_amd64.whl", hash = "sha256:43d65cc4e206c2e902c1004dd5418417c4efa6c1d04df05c6c5675a27e8ca90e"},
    {file = "llvmlite-0.42.0.tar.gz", hash = "sha256:f92b09243c0cc3f457da8b983f67bd8e1295d0f5b3746c7a1861d7a99403854a"},
]

[[package]]
name = "mpmath"
version = "1.3.0"
description = "Python library for arbitrary-precision floating-point arithmetic"
optional = false
python-versions = "*"
files = [
    {file = "mpmath-1.3.0-py3-none-any.whl", hash = "sha256:a0b2b9fe80bbcd81a6647ff13108738cfb482d481d826cc0e02f5b35e5c88d2c"},
    {file = "mpmath-1.3.0.tar.gz", hash = "sha256:7a28eb2a9774d00c7bc92411c19a89209d5da7c4c9a9e227be8330a23a25b91f"},
]

[package.extras]
develop = ["codecov", "pycodestyle", "pytest (>=4.6)", "pytest-cov", "wheel"]
docs = ["sphinx"]
gmpy = ["gmpy2 (>=2.1.0a4)"]
tests = ["pytest (>=4.6)"]

[[package]]
name = "numba"
version = "0.59.0"
description = "compiling Python code using LLVM"
optional = false
python-versions = ">=3.9"
files = [
    {file = "numba-0.59.0-cp310-cp310-macosx_10_9_x86_64.whl", hash = "sha256:8d061d800473fb8fef76a455221f4ad649a53f5e0f96e3f6c8b8553ee6fa98fa"},
    {file = "numba-0.59.0-cp310-cp310-macosx_11_0_arm64.whl", hash = "sha256:c086a434e7d3891ce5dfd3d1e7ee8102ac1e733962098578b507864120559ceb"},
    {file = "numba-0.59.0-cp310-cp310-manylinux2014_aarch64.manylinux_2_17_aarch64.whl", hash = "sha256:9e20736bf62e61f8353fb71b0d3a1efba636c7a303d511600fc57648b55823ed"},
    {file = "numba-0.59.0-cp310-cp310-manylinux2014_x86_64.manylinux_2_17_x86_64.whl", hash = "sha256:e86e6786aec31d2002122199486e10bbc0dc40f78d76364cded375912b13614c"},
    {file = "numba-0.59.0-cp310-cp310-win_amd64.whl", hash = "sha256:0307ee91b24500bb7e64d8a109848baf3a3905df48ce142b8ac60aaa406a0400"},
    {file = "numba-0.59.0-cp311-cp311-macosx_10_9_x86_64.whl", hash = "sha256:d540f69a8245fb714419c2209e9af6104e568eb97623adc8943642e61f5d6d8e"},
    {file = "numba-0.59.0-cp311-cp311-macosx_11_0_arm64.whl", hash = "sha256:1192d6b2906bf3ff72b1d97458724d98860ab86a91abdd4cfd9328432b661e31"},
    {file = "numba-0.59.0-cp311-cp311-manylinux2014_aarch64.manylinux_2_17_aarch64.whl", hash = "sha256:90efb436d3413809fcd15298c6d395cb7d98184350472588356ccf19db9e37c8"},
    {file = "numba-0.59.0-cp311-cp311-manylinux2014_x86_64.manylinux_2_17_x86_64.whl", hash = "sha256:cd3dac45e25d927dcb65d44fb3a973994f5add2b15add13337844afe669dd1ba"},
    {file = "numba-0.59.0-cp311-cp311-win_amd64.whl", hash = "sha256:753dc601a159861808cc3207bad5c17724d3b69552fd22768fddbf302a817a4c"},
    {file = "numba-0.59.0-cp312-cp312-macosx_10_9_x86_64.whl", hash = "sha256:ce62bc0e6dd5264e7ff7f34f41786889fa81a6b860662f824aa7532537a7bee0"},
    {file = "numba-0.59.0-cp312-cp312-macosx_11_0_arm64.whl", hash = "sha256:8cbef55b73741b5eea2dbaf1b0590b14977ca95a13a07d200b794f8f6833a01c"},
    {file = "numba-0.59.0-cp312-cp312-manylinux2014_aarch64.manylinux_2_17_aarch64.whl", hash = "sha256:70d26ba589f764be45ea8c272caa467dbe882b9676f6749fe6f42678091f5f21"},
    {file = "numba-0.59.0-cp312-cp312-manylinux2014_x86_64.manylinux_2_17_x86_64.whl", hash = "sha256:e125f7d69968118c28ec0eed9fbedd75440e64214b8d2eac033c22c04db48492"},
    {file = "numba-0.59.0-cp312-cp312-win_amd64.whl", hash = "sha256:4981659220b61a03c1e557654027d271f56f3087448967a55c79a0e5f926de62"},
    {file = "numba-0.59.0-cp39-cp39-macosx_10_9_x86_64.whl", hash = "sha256:fe4d7562d1eed754a7511ed7ba962067f198f86909741c5c6e18c4f1819b1f47"},
    {file = "numba-0.59.0-cp39-cp39-macosx_11_0_arm64.whl", hash = "sha256:6feb1504bb432280f900deaf4b1dadcee68812209500ed3f81c375cbceab24dc"},
    {file = "numba-0.59.0-cp39-cp39-manylinux2014_aarch64.manylinux_2_17_aarch64.whl", hash = "sha256:944faad25ee23ea9dda582bfb0189fb9f4fc232359a80ab2a028b94c14ce2b1d"},
    {file = "numba-0.59.0-cp39-cp39-manylinux2014_x86_64.manylinux_2_17_x86_64.whl", hash = "sha256:5516a469514bfae52a9d7989db4940653a5cbfac106f44cb9c50133b7ad6224b"},
    {file = "numba-0.59.0-cp39-cp39-win_amd64.whl", hash = "sha256:32bd0a41525ec0b1b853da244808f4e5333867df3c43c30c33f89cf20b9c2b63"},
    {file = "numba-0.59.0.tar.gz", hash = "sha256:12b9b064a3e4ad00e2371fc5212ef0396c80f41caec9b5ec391c8b04b6eaf2a8"},
]

[package.dependencies]
llvmlite = "==0.42.*"
numpy = ">=1.22,<1.27"

[[package]]
name = "numpy"
version = "1.26.4"
description = "Fundamental package for array computing in Python"
optional = false
python-versions = ">=3.9"
files = [
    {file = "numpy-1.26.4-cp310-cp310-macosx_10_9_x86_64.whl", hash = "sha256:9ff0f4f29c51e2803569d7a51c2304de5554655a60c5d776e35b4a41413830d0"},
    {file = "numpy-1.26.4-cp310-cp310-macosx_11_0_arm64.whl", hash = "sha256:2e4ee3380d6de9c9ec04745830fd9e2eccb3e6cf790d39d7b98ffd19b0dd754a"},
    {file = "numpy-1.26.4-cp310-cp310-manylinux_2_17_aarch64.manylinux2014_aarch64.whl", hash = "sha256:d209d8969599b27ad20994c8e41936ee0964e6da07478d6c35016bc386b66ad4"},
    {file = "numpy-1.26.4-cp310-cp310-manylinux_2_17_x86_64.manylinux2014_x86_64.whl", hash = "sha256:ffa75af20b44f8dba823498024771d5ac50620e6915abac414251bd971b4529f"},
    {file = "numpy-1.26.4-cp310-cp310-musllinux_1_1_aarch64.whl", hash = "sha256:62b8e4b1e28009ef2846b4c7852046736bab361f7aeadeb6a5b89ebec3c7055a"},
    {file = "numpy-1.26.4-cp310-cp310-musllinux_1_1_x86_64.whl", hash = "sha256:a4abb4f9001ad2858e7ac189089c42178fcce737e4169dc61321660f1a96c7d2"},
    {file = "numpy-1.26.4-cp310-cp310-win32.whl", hash = "sha256:bfe25acf8b437eb2a8b2d49d443800a5f18508cd811fea3181723922a8a82b07"},
    {file = "numpy-1.26.4-cp310-cp310-win_amd64.whl", hash = "sha256:b97fe8060236edf3662adfc2c633f56a08ae30560c56310562cb4f95500022d5"},
    {file = "numpy-1.26.4-cp311-cp311-macosx_10_9_x86_64.whl", hash = "sha256:4c66707fabe114439db9068ee468c26bbdf909cac0fb58686a42a24de1760c71"},
    {file = "numpy-1.26.4-cp311-cp311-macosx_11_0_arm64.whl", hash = "sha256:edd8b5fe47dab091176d21bb6de568acdd906d1887a4584a15a9a96a1dca06ef"},
    {file = "numpy-1.26.4-cp311-cp311-manylinux_2_17_aarch64.manylinux2014_aarch64.whl", hash = "sha256:7ab55401287bfec946ced39700c053796e7cc0e3acbef09993a9ad2adba6ca6e"},
    {file = "numpy-1.26.4-cp311-cp311-manylinux_2_17_x86_64.manylinux2014_x86_64.whl", hash = "sha256:666dbfb6ec68962c033a450943ded891bed2d54e6755e35e5835d63f4f6931d5"},
    {file = "numpy-1.26.4-cp311-cp311-musllinux_1_1_aarch64.whl", hash = "sha256:96ff0b2ad353d8f990b63294c8986f1ec3cb19d749234014f4e7eb0112ceba5a"},
    {file = "numpy-1.26.4-cp311-cp311-musllinux_1_1_x86_64.whl", hash = "sha256:60dedbb91afcbfdc9bc0b1f3f402804070deed7392c23eb7a7f07fa857868e8a"},
    {file = "numpy-1.26.4-cp311-cp311-win32.whl", hash = "sha256:1af303d6b2210eb850fcf03064d364652b7120803a0b872f5211f5234b399f20"},
    {file = "numpy-1.26.4-cp311-cp311-win_amd64.whl", hash = "sha256:cd25bcecc4974d09257ffcd1f098ee778f7834c3ad767fe5db785be9a4aa9cb2"},
    {file = "numpy-1.26.4-cp312-cp312-macosx_10_9_x86_64.whl", hash = "sha256:b3ce300f3644fb06443ee2222c2201dd3a89ea6040541412b8fa189341847218"},
    {file = "numpy-1.26.4-cp312-cp312-macosx_11_0_arm64.whl", hash = "sha256:03a8c78d01d9781b28a6989f6fa1bb2c4f2d51201cf99d3dd875df6fbd96b23b"},
    {file = "numpy-1.26.4-cp312-cp312-manylinux_2_17_aarch64.manylinux2014_aarch64.whl", hash = "sha256:9fad7dcb1aac3c7f0584a5a8133e3a43eeb2fe127f47e3632d43d677c66c102b"},
    {file = "numpy-1.26.4-cp312-cp312-manylinux_2_17_x86_64.manylinux2014_x86_64.whl", hash = "sha256:675d61ffbfa78604709862923189bad94014bef562cc35cf61d3a07bba02a7ed"},
    {file = "numpy-1.26.4-cp312-cp312-musllinux_1_1_aarch64.whl", hash = "sha256:ab47dbe5cc8210f55aa58e4805fe224dac469cde56b9f731a4c098b91917159a"},
    {file = "numpy-1.26.4-cp312-cp312-musllinux_1_1_x86_64.whl", hash = "sha256:1dda2e7b4ec9dd512f84935c5f126c8bd8b9f2fc001e9f54af255e8c5f16b0e0"},
    {file = "numpy-1.26.4-cp312-cp312-win32.whl", hash = "sha256:50193e430acfc1346175fcbdaa28ffec49947a06918b7b92130744e81e640110"},
    {file = "numpy-1.26.4-cp312-cp312-win_amd64.whl", hash = "sha256:08beddf13648eb95f8d867350f6a018a4be2e5ad54c8d8caed89ebca558b2818"},
    {file = "numpy-1.26.4-cp39-cp39-macosx_10_9_x86_64.whl", hash = "sha256:7349ab0fa0c429c82442a27a9673fc802ffdb7c7775fad780226cb234965e53c"},
    {file = "numpy-1.26.4-cp39-cp39-macosx_11_0_arm64.whl", hash = "sha256:52b8b60467cd7dd1e9ed082188b4e6bb35aa5cdd01777621a1658910745b90be"},
    {file = "numpy-1.26.4-cp39-cp39-manylinux_2_17_aarch64.manylinux2014_aarch64.whl", hash = "sha256:d5241e0a80d808d70546c697135da2c613f30e28251ff8307eb72ba696945764"},
    {file = "numpy-1.26.4-cp39-cp39-manylinux_2_17_x86_64.manylinux2014_x86_64.whl", hash = "sha256:f870204a840a60da0b12273ef34f7051e98c3b5961b61b0c2c1be6dfd64fbcd3"},
    {file = "numpy-1.26.4-cp39-cp39-musllinux_1_1_aarch64.whl", hash = "sha256:679b0076f67ecc0138fd2ede3a8fd196dddc2ad3254069bcb9faf9a79b1cebcd"},
    {file = "numpy-1.26.4-cp39-cp39-musllinux_1_1_x86_64.whl", hash = "sha256:47711010ad8555514b434df65f7d7b076bb8261df1ca9bb78f53d3b2db02e95c"},
    {file = "numpy-1.26.4-cp39-cp39-win32.whl", hash = "sha256:a354325ee03388678242a4d7ebcd08b5c727033fcff3b2f536aea978e15ee9e6"},
    {file = "numpy-1.26.4-cp39-cp39-win_amd64.whl", hash = "sha256:3373d5d70a5fe74a2c1bb6d2cfd9609ecf686d47a2d7b1d37a8f3b6bf6003aea"},
    {file = "numpy-1.26.4-pp39-pypy39_pp73-macosx_10_9_x86_64.whl", hash = "sha256:afedb719a9dcfc7eaf2287b839d8198e06dcd4cb5d276a3df279231138e83d30"},
    {file = "numpy-1.26.4-pp39-pypy39_pp73-manylinux_2_17_x86_64.manylinux2014_x86_64.whl", hash = "sha256:95a7476c59002f2f6c590b9b7b998306fba6a5aa646b1e22ddfeaf8f78c3a29c"},
    {file = "numpy-1.26.4-pp39-pypy39_pp73-win_amd64.whl", hash = "sha256:7e50d0a0cc3189f9cb0aeb3a6a6af18c16f59f004b866cd2be1c14b36134a4a0"},
    {file = "numpy-1.26.4.tar.gz", hash = "sha256:2a02aba9ed12e4ac4eb3ea9421c420301a0c6460d9830d74a9df87efa4912010"},
]

[[package]]
name = "onnxruntime-gpu"
version = "1.17.1"
description = "ONNX Runtime is a runtime accelerator for Machine Learning models"
optional = false
python-versions = "*"
files = [
    {file = "onnxruntime_gpu-1.17.1-cp310-cp310-manylinux_2_28_x86_64.whl", hash = "sha256:a55fe84ee11a59ea069c6a790ee960f1c7da0d7d6c74822b2a8b357027c93646"},
    {file = "onnxruntime_gpu-1.17.1-cp310-cp310-win_amd64.whl", hash = "sha256:a9abefceb32879cbee9f57977d6bb8d58cbac501f8a64bf96bca2f4fdff157fe"},
    {file = "onnxruntime_gpu-1.17.1-cp311-cp311-manylinux_2_28_x86_64.whl", hash = "sha256:b2cd54f2b0a05e6bc9ab30182b859364d30115a19c31be24aa2edef40be00277"},
    {file = "onnxruntime_gpu-1.17.1-cp311-cp311-win_amd64.whl", hash = "sha256:bdffcced8a5f6275c0df202220e9232138b336f868cd671c9d2c571e834d2a80"},
    {file = "onnxruntime_gpu-1.17.1-cp312-cp312-manylinux_2_28_x86_64.whl", hash = "sha256:a1c871e8d0ae4121ea6528fc9410a5a7cbc5e43714b30521d5514fd10b987c83"},
    {file = "onnxruntime_gpu-1.17.1-cp312-cp312-win_amd64.whl", hash = "sha256:9a0a94eda080e9f4a8e5035fdf0b3c24f5533e7861d88833a94493e63fca0812"},
    {file = "onnxruntime_gpu-1.17.1-cp38-cp38-manylinux_2_28_x86_64.whl", hash = "sha256:624fdb65a632833f13de36854855818680be4f77942d8114524491d58f60d3ab"},
    {file = "onnxruntime_gpu-1.17.1-cp38-cp38-win_amd64.whl", hash = "sha256:29fa78d232bbb5a5be3a3e0a022148a7b3df2ca66b4c21a11eef56e6f22859e9"},
    {file = "onnxruntime_gpu-1.17.1-cp39-cp39-manylinux_2_28_x86_64.whl", hash = "sha256:b0f8c70f2f9aeae825f3a397cc0c5f45124f9ae7c173263cf13c495982b0b99a"},
    {file = "onnxruntime_gpu-1.17.1-cp39-cp39-win_amd64.whl", hash = "sha256:b1a27a104334461b690e4fc62775e1e71c68936399874932225d7fea21a0c261"},
]

[package.dependencies]
coloredlogs = "*"
flatbuffers = "*"
numpy = ">=1.21.6"
packaging = "*"
protobuf = "*"
sympy = "*"

[[package]]
name = "opencv-python"
version = "4.9.0.80"
description = "Wrapper package for OpenCV python bindings."
optional = false
python-versions = ">=3.6"
files = [
    {file = "opencv-python-4.9.0.80.tar.gz", hash = "sha256:1a9f0e6267de3a1a1db0c54213d022c7c8b5b9ca4b580e80bdc58516c922c9e1"},
    {file = "opencv_python-4.9.0.80-cp37-abi3-macosx_10_16_x86_64.whl", hash = "sha256:7e5f7aa4486651a6ebfa8ed4b594b65bd2d2f41beeb4241a3e4b1b85acbbbadb"},
    {file = "opencv_python-4.9.0.80-cp37-abi3-macosx_11_0_arm64.whl", hash = "sha256:71dfb9555ccccdd77305fc3dcca5897fbf0cf28b297c51ee55e079c065d812a3"},
    {file = "opencv_python-4.9.0.80-cp37-abi3-manylinux_2_17_aarch64.manylinux2014_aarch64.whl", hash = "sha256:7b34a52e9da36dda8c151c6394aed602e4b17fa041df0b9f5b93ae10b0fcca2a"},
    {file = "opencv_python-4.9.0.80-cp37-abi3-manylinux_2_17_x86_64.manylinux2014_x86_64.whl", hash = "sha256:e4088cab82b66a3b37ffc452976b14a3c599269c247895ae9ceb4066d8188a57"},
    {file = "opencv_python-4.9.0.80-cp37-abi3-win32.whl", hash = "sha256:dcf000c36dd1651118a2462257e3a9e76db789a78432e1f303c7bac54f63ef6c"},
    {file = "opencv_python-4.9.0.80-cp37-abi3-win_amd64.whl", hash = "sha256:3f16f08e02b2a2da44259c7cc712e779eff1dd8b55fdb0323e8cab09548086c0"},
]

[package.dependencies]
numpy = [
    {version = ">=1.21.0", markers = "python_version == \"3.9\" and platform_system == \"Darwin\" and platform_machine == \"arm64\""},
    {version = ">=1.26.0", markers = "python_version >= \"3.12\""},
    {version = ">=1.23.5", markers = "python_version >= \"3.11\" and python_version < \"3.12\""},
    {version = ">=1.21.4", markers = "python_version >= \"3.10\" and platform_system == \"Darwin\" and python_version < \"3.11\""},
    {version = ">=1.21.2", markers = "platform_system != \"Darwin\" and python_version >= \"3.10\" and python_version < \"3.11\""},
    {version = ">=1.19.3", markers = "platform_system == \"Linux\" and platform_machine == \"aarch64\" and python_version >= \"3.8\" and python_version < \"3.10\" or python_version > \"3.9\" and python_version < \"3.10\" or python_version >= \"3.9\" and platform_system != \"Darwin\" and python_version < \"3.10\" or python_version >= \"3.9\" and platform_machine != \"arm64\" and python_version < \"3.10\""},
]

[[package]]
name = "packaging"
version = "24.0"
description = "Core utilities for Python packages"
optional = false
python-versions = ">=3.7"
files = [
    {file = "packaging-24.0-py3-none-any.whl", hash = "sha256:2ddfb553fdf02fb784c234c7ba6ccc288296ceabec964ad2eae3777778130bc5"},
    {file = "packaging-24.0.tar.gz", hash = "sha256:eb82c5e3e56209074766e6885bb04b8c38a0c015d0a30036ebe7ece34c9989e9"},
]

[[package]]
name = "protobuf"
version = "5.26.0"
description = ""
optional = false
python-versions = ">=3.8"
files = [
    {file = "protobuf-5.26.0-cp310-abi3-win32.whl", hash = "sha256:f9ecc8eb6f18037e0cbf43256db0325d4723f429bca7ef5cd358b7c29d65f628"},
    {file = "protobuf-5.26.0-cp310-abi3-win_amd64.whl", hash = "sha256:dfd29f6eb34107dccf289a93d44fb6b131e68888d090b784b691775ac84e8213"},
    {file = "protobuf-5.26.0-cp37-abi3-macosx_10_9_universal2.whl", hash = "sha256:7e47c57303466c867374a17b2b5e99c5a7c8b72a94118e2f28efb599f19b4069"},
    {file = "protobuf-5.26.0-cp37-abi3-manylinux2014_aarch64.whl", hash = "sha256:e184175276edc222e2d5e314a72521e10049938a9a4961fe4bea9b25d073c03f"},
    {file = "protobuf-5.26.0-cp37-abi3-manylinux2014_x86_64.whl", hash = "sha256:6ee9d1aa02f951c5ce10bf8c6cfb7604133773038e33f913183c8b5201350600"},
    {file = "protobuf-5.26.0-cp38-cp38-win32.whl", hash = "sha256:2c334550e1cb4efac5c8a3987384bf13a4334abaf5ab59e40479e7b70ecd6b19"},
    {file = "protobuf-5.26.0-cp38-cp38-win_amd64.whl", hash = "sha256:8eef61a90631c21b06b4f492a27e199a269827f046de3bb68b61aa84fcf50905"},
    {file = "protobuf-5.26.0-cp39-cp39-win32.whl", hash = "sha256:ca825f4eecb8c342d2ec581e6a5ad1ad1a47bededaecd768e0d3451ae4aaac2b"},
    {file = "protobuf-5.26.0-cp39-cp39-win_amd64.whl", hash = "sha256:efd4f5894c50bd76cbcfdd668cd941021333861ed0f441c78a83d8254a01cc9f"},
    {file = "protobuf-5.26.0-py3-none-any.whl", hash = "sha256:a49b6c5359bf34fb7bf965bf21abfab4476e4527d822ab5289ee3bf73f291159"},
    {file = "protobuf-5.26.0.tar.gz", hash = "sha256:82f5870d74c99addfe4152777bdf8168244b9cf0ac65f8eccf045ddfa9d80d9b"},
]

[[package]]
name = "pyreadline3"
version = "3.4.1"
description = "A python implementation of GNU readline."
optional = false
python-versions = "*"
files = [
    {file = "pyreadline3-3.4.1-py3-none-any.whl", hash = "sha256:b0efb6516fd4fb07b45949053826a62fa4cb353db5be2bbb4a7aa1fdd1e345fb"},
    {file = "pyreadline3-3.4.1.tar.gz", hash = "sha256:6f3d1f7b8a31ba32b73917cefc1f28cc660562f39aea8646d30bd6eff21f7bae"},
]

[[package]]
name = "pyvirtualcam"
version = "0.11.1"
description = "Send frames to a virtual camera"
optional = false
python-versions = "*"
files = [
    {file = "pyvirtualcam-0.11.1-cp310-cp310-macosx_10_9_x86_64.whl", hash = "sha256:ab7d18aee940bbdff34e9b943fb489ba824d75485060df90d9d0c41fe7485f29"},
    {file = "pyvirtualcam-0.11.1-cp310-cp310-macosx_11_0_arm64.whl", hash = "sha256:cda11de8fb25dbeca06307ebe033778998e1b44161edbf139674a44331c1dabd"},
    {file = "pyvirtualcam-0.11.1-cp310-cp310-manylinux_2_17_x86_64.manylinux2014_x86_64.whl", hash = "sha256:fceb0d2f6c1c8e0527d3e26ac849ab8407c60351b2044c7f1db5f5f3c9f5b972"},
    {file = "pyvirtualcam-0.11.1-cp310-cp310-win_amd64.whl", hash = "sha256:2ff726f963bd91de77587c0c44b628d887986a5d490193ae7101e54061205eaf"},
    {file = "pyvirtualcam-0.11.1-cp311-cp311-macosx_10_9_x86_64.whl", hash = "sha256:7cab6032e72de5a8346ad9b9f8d10f5d7cf8e5fce1535b5c98d21a25852a4c31"},
    {file = "pyvirtualcam-0.11.1-cp311-cp311-macosx_11_0_arm64.whl", hash = "sha256:e01711354b75f89313f0c7794736dde72e34f7f0c1934f27149a193e753d7c62"},
    {file = "pyvirtualcam-0.11.1-cp311-cp311-manylinux_2_17_x86_64.manylinux2014_x86_64.whl", hash = "sha256:cbb0aaefc5112ac0eb0f1125b3979387f0da02d3f21ada5c70b15ae5b4719cf2"},
    {file = "pyvirtualcam-0.11.1-cp311-cp311-win_amd64.whl", hash = "sha256:55d7de9cae396fae6a4ac35d318d971a9b0144faa2f0bb678f59dfc935571e79"},
    {file = "pyvirtualcam-0.11.1-cp312-cp312-macosx_10_9_x86_64.whl", hash = "sha256:5fe999ef554129886fffffafc385020610c25ff577f37fc36128036a6bc69a72"},
    {file = "pyvirtualcam-0.11.1-cp312-cp312-macosx_11_0_arm64.whl", hash = "sha256:63b4dd02bc0885067d590d06e03042b1a4237939e48a84f12fc2c170afeb2af8"},
    {file = "pyvirtualcam-0.11.1-cp312-cp312-manylinux_2_17_x86_64.manylinux2014_x86_64.whl", hash = "sha256:87791638e308b07bf612464c200fb49e71efbc1347feba762711b300ac53ec91"},
    {file = "pyvirtualcam-0.11.1-cp312-cp312-win_amd64.whl", hash = "sha256:33369930327ab83a9a637f561011feff9280f2d14aa9e306e7870e57472eaaef"},
    {file = "pyvirtualcam-0.11.1-cp38-cp38-macosx_10_9_x86_64.whl", hash = "sha256:f7437e545cf4fd604bafa53969be14cac24ced43f329aaa9dc3631e7fac7308e"},
    {file = "pyvirtualcam-0.11.1-cp38-cp38-manylinux_2_17_x86_64.manylinux2014_x86_64.whl", hash = "sha256:a599c66c37ff3b0c21626294a367571ff582f99e0cf7012c89ac2ea5c969614d"},
    {file = "pyvirtualcam-0.11.1-cp38-cp38-win_amd64.whl", hash = "sha256:6ca7e6f306b2ffd4a0d3792089c5ba827737893f3ae8afcebc4f59264cf24844"},
    {file = "pyvirtualcam-0.11.1-cp39-cp39-macosx_10_9_x86_64.whl", hash = "sha256:0bbacd5b09c333a4c29609f2838f4ad1f11f265872459a405e6ea422af5e2d91"},
    {file = "pyvirtualcam-0.11.1-cp39-cp39-manylinux_2_17_x86_64.manylinux2014_x86_64.whl", hash = "sha256:61bf099e00e17d6c098134443b7291be7d93df6790c67217f2ae46556690f83c"},
    {file = "pyvirtualcam-0.11.1-cp39-cp39-win_amd64.whl", hash = "sha256:66356f18c72549f1752f983407d989a617782439542035beb20793a105c3c8bf"},
]

[package.dependencies]
numpy = "*"

[[package]]
name = "sympy"
version = "1.12"
description = "Computer algebra system (CAS) in Python"
optional = false
python-versions = ">=3.8"
files = [
    {file = "sympy-1.12-py3-none-any.whl", hash = "sha256:c3588cd4295d0c0f603d0f2ae780587e64e2efeedb3521e46b9bb1d08d184fa5"},
    {file = "sympy-1.12.tar.gz", hash = "sha256:ebf595c8dac3e0fdc4152c51878b498396ec7f30e7a914d6071e674d49420fb8"},
]

[package.dependencies]
mpmath = ">=0.19"

[metadata]
lock-version = "2.0"
python-versions = "^3.9"
content-hash = "51b66f2ca599b2ec9641adec1d99658b0c38bda4c9964d926ed7cb0f8683a83d"
